
Microsoft Visual Studio Solution File, Format Version 12.00
# Visual Studio Version 17
VisualStudioVersion = 17.5.33627.172
MinimumVisualStudioVersion = 10.0.40219.1
Project("{FAE04EC0-301F-11D3-BF4B-00C04F79EFBC}") = "NavigatR", "NavigatR\NavigatR.csproj", "{08861CBA-3C95-48B3-942A-1753D219BC3D}"
EndProject
Global
	GlobalSection(SolutionConfigurationPlatforms) = preSolution
		Debug|Any CPU = Debug|Any CPU
		Release|Any CPU = Release|Any CPU
	EndGlobalSection
	GlobalSection(ProjectConfigurationPlatforms) = postSolution
		{08861CBA-3C95-48B3-942A-1753D219BC3D}.Debug|Any CPU.ActiveCfg = Debug|Any CPU
		{08861CBA-3C95-48B3-942A-1753D219BC3D}.Debug|Any CPU.Build.0 = Debug|Any CPU
		{08861CBA-3C95-48B3-942A-1753D219BC3D}.Release|Any CPU.ActiveCfg = Release|Any CPU
		{08861CBA-3C95-48B3-942A-1753D219BC3D}.Release|Any CPU.Build.0 = Release|Any CPU
	EndGlobalSection
	GlobalSection(SolutionProperties) = preSolution
		HideSolutionNode = FALSE
	EndGlobalSection
	GlobalSection(ExtensibilityGlobals) = postSolution
		SolutionGuid = {C9C92032-D096-4BA0-B370-AA7458C4BF5F}
	EndGlobalSection
EndGlobal
